
Microsoft Visual Studio Solution File, Format Version 12.00
# Visual Studio 15
VisualStudioVersion = 15.0.27130.2036
MinimumVisualStudioVersion = 10.0.40219.1
Project("{FAE04EC0-301F-11D3-BF4B-00C04F79EFBC}") = "FirstAngularApplication", "FirstAngularApplication\FirstAngularApplication.csproj", "{64CE974C-EECF-4466-A729-D748F6957C4A}"
EndProject
Global
	GlobalSection(SolutionConfigurationPlatforms) = preSolution
		Debug|Any CPU = Debug|Any CPU
		Release|Any CPU = Release|Any CPU
	EndGlobalSection
	GlobalSection(ProjectConfigurationPlatforms) = postSolution
		{64CE974C-EECF-4466-A729-D748F6957C4A}.Debug|Any CPU.ActiveCfg = Debug|Any CPU
		{64CE974C-EECF-4466-A729-D748F6957C4A}.Debug|Any CPU.Build.0 = Debug|Any CPU
		{64CE974C-EECF-4466-A729-D748F6957C4A}.Release|Any CPU.ActiveCfg = Release|Any CPU
		{64CE974C-EECF-4466-A729-D748F6957C4A}.Release|Any CPU.Build.0 = Release|Any CPU
	EndGlobalSection
	GlobalSection(SolutionProperties) = preSolution
		HideSolutionNode = FALSE
	EndGlobalSection
	GlobalSection(ExtensibilityGlobals) = postSolution
		SolutionGuid = {70146B13-4983-427E-9DE5-3EEF3B786CC2}
	EndGlobalSection
EndGlobal
